
Microsoft Visual Studio Solution File, Format Version 12.00
# Visual Studio Version 16
VisualStudioVersion = 16.0.30717.126
MinimumVisualStudioVersion = 10.0.40219.1
Project("{FAE04EC0-301F-11D3-BF4B-00C04F79EFBC}") = "Report", "Report.csproj", "{69C62E86-E1B3-4316-B608-DA11E473C599}"
EndProject
Global
	GlobalSection(SolutionConfigurationPlatforms) = preSolution
		Debug|Any CPU = Debug|Any CPU
		Release|Any CPU = Release|Any CPU
	EndGlobalSection
	GlobalSection(ProjectConfigurationPlatforms) = postSolution
		{69C62E86-E1B3-4316-B608-DA11E473C599}.Debug|Any CPU.ActiveCfg = Debug|Any CPU
		{69C62E86-E1B3-4316-B608-DA11E473C599}.Debug|Any CPU.Build.0 = Debug|Any CPU
		{69C62E86-E1B3-4316-B608-DA11E473C599}.Release|Any CPU.ActiveCfg = Release|Any CPU
		{69C62E86-E1B3-4316-B608-DA11E473C599}.Release|Any CPU.Build.0 = Release|Any CPU
	EndGlobalSection
	GlobalSection(SolutionProperties) = preSolution
		HideSolutionNode = FALSE
	EndGlobalSection
	GlobalSection(ExtensibilityGlobals) = postSolution
		SolutionGuid = {F671C82E-9AA4-40EE-B237-F870F0A92B44}
	EndGlobalSection
EndGlobal
